// !$*UTF8*$!
{
	archiveVersion = 1;
	classes = {
	};
	objectVersion = 56;
	objects = {

/* Begin PBXBuildFile section */
		05BEF5BC2B47DB08005C2405 /* AppDelegate.m in Sources */ = {isa = PBXBuildFile; fileRef = 05BEF5BB2B47DB08005C2405 /* AppDelegate.m */; };
		05BEF5BF2B47DB08005C2405 /* SceneDelegate.m in Sources */ = {isa = PBXBuildFile; fileRef = 05BEF5BE2B47DB08005C2405 /* SceneDelegate.m */; };
		05BEF5C22B47DB08005C2405 /* ViewController.m in Sources */ = {isa = PBXBuildFile; fileRef = 05BEF5C12B47DB08005C2405 /* ViewController.m */; };
		05BEF5C52B47DB08005C2405 /* Main.storyboard in Resources */ = {isa = PBXBuildFile; fileRef = 05BEF5C32B47DB08005C2405 /* Main.storyboard */; };
		05BEF5C72B47DB0B005C2405 /* Assets.xcassets in Resources */ = {isa = PBXBuildFile; fileRef = 05BEF5C62B47DB0B005C2405 /* Assets.xcassets */; };
		05BEF5CA2B47DB0B005C2405 /* LaunchScreen.storyboard in Resources */ = {isa = PBXBuildFile; fileRef = 05BEF5C82B47DB0B005C2405 /* LaunchScreen.storyboard */; };
		05BEF5CD2B47DB0B005C2405 /* main.m in Sources */ = {isa = PBXBuildFile; fileRef = 05BEF5CC2B47DB0B005C2405 /* main.m */; };
		05BEF5D92B47E7C9005C2405 /* GlobalDefine.swift in Sources */ = {isa = PBXBuildFile; fileRef = 05BEF5D82B47E7C9005C2405 /* GlobalDefine.swift */; };
		05BEF5DC2B47EC13005C2405 /* PrefixHeaderSwift.swift in Sources */ = {isa = PBXBuildFile; fileRef = 05BEF5DB2B47EC13005C2405 /* PrefixHeaderSwift.swift */; };
		C478FD6B38134C7F87066A64 /* Pods_iosDev.framework in Frameworks */ = {isa = PBXBuildFile; fileRef = 4CA96560ADA4501121330BB8 /* Pods_iosDev.framework */; };
/* End PBXBuildFile section */

/* Begin PBXFileReference section */
		05BEF5B72B47DB08005C2405 /* iosDev.app */ = {isa = PBXFileReference; explicitFileType = wrapper.application; includeInIndex = 0; path = iosDev.app; sourceTree = BUILT_PRODUCTS_DIR; };
		05BEF5BA2B47DB08005C2405 /* AppDelegate.h */ = {isa = PBXFileReference; lastKnownFileType = sourcecode.c.h; path = AppDelegate.h; sourceTree = "<group>"; };
		05BEF5BB2B47DB08005C2405 /* AppDelegate.m */ = {isa = PBXFileReference; lastKnownFileType = sourcecode.c.objc; path = AppDelegate.m; sourceTree = "<group>"; };
		05BEF5BD2B47DB08005C2405 /* SceneDelegate.h */ = {isa = PBXFileReference; lastKnownFileType = sourcecode.c.h; path = SceneDelegate.h; sourceTree = "<group>"; };
		05BEF5BE2B47DB08005C2405 /* SceneDelegate.m */ = {isa = PBXFileReference; lastKnownFileType = sourcecode.c.objc; path = SceneDelegate.m; sourceTree = "<group>"; };
		05BEF5C02B47DB08005C2405 /* ViewController.h */ = {isa = PBXFileReference; lastKnownFileType = sourcecode.c.h; path = ViewController.h; sourceTree = "<group>"; };
		05BEF5C12B47DB08005C2405 /* ViewController.m */ = {isa = PBXFileReference; lastKnownFileType = sourcecode.c.objc; path = ViewController.m; sourceTree = "<group>"; };
		05BEF5C42B47DB08005C2405 /* Base */ = {isa = PBXFileReference; lastKnownFileType = file.storyboard; name = Base; path = Base.lproj/Main.storyboard; sourceTree = "<group>"; };
		05BEF5C62B47DB0B005C2405 /* Assets.xcassets */ = {isa = PBXFileReference; lastKnownFileType = folder.assetcatalog; path = Assets.xcassets; sourceTree = "<group>"; };
		05BEF5C92B47DB0B005C2405 /* Base */ = {isa = PBXFileReference; lastKnownFileType = file.storyboard; name = Base; path = Base.lproj/LaunchScreen.storyboard; sourceTree = "<group>"; };
		05BEF5CB2B47DB0B005C2405 /* Info.plist */ = {isa = PBXFileReference; lastKnownFileType = text.plist.xml; path = Info.plist; sourceTree = "<group>"; };
		05BEF5CC2B47DB0B005C2405 /* main.m */ = {isa = PBXFileReference; lastKnownFileType = sourcecode.c.objc; path = main.m; sourceTree = "<group>"; };
		05BEF5D72B47E7C8005C2405 /* iosDev-Bridging-Header.h */ = {isa = PBXFileReference; lastKnownFileType = sourcecode.c.h; path = "iosDev-Bridging-Header.h"; sourceTree = "<group>"; };
		05BEF5D82B47E7C9005C2405 /* GlobalDefine.swift */ = {isa = PBXFileReference; lastKnownFileType = sourcecode.swift; path = GlobalDefine.swift; sourceTree = "<group>"; };
		05BEF5DA2B47E83F005C2405 /* PrefixHeader.pch */ = {isa = PBXFileReference; lastKnownFileType = sourcecode.c.h; path = PrefixHeader.pch; sourceTree = "<group>"; };
		05BEF5DB2B47EC13005C2405 /* PrefixHeaderSwift.swift */ = {isa = PBXFileReference; lastKnownFileType = sourcecode.swift; path = PrefixHeaderSwift.swift; sourceTree = "<group>"; };
		05BEF5DD2B47ED1B005C2405 /* YSGlobal.h.h */ = {isa = PBXFileReference; lastKnownFileType = sourcecode.c.h; path = YSGlobal.h.h; sourceTree = "<group>"; };
		4CA96560ADA4501121330BB8 /* Pods_iosDev.framework */ = {isa = PBXFileReference; explicitFileType = wrapper.framework; includeInIndex = 0; path = Pods_iosDev.framework; sourceTree = BUILT_PRODUCTS_DIR; };
		5382D341535CA95946539F1E /* Pods-iosDev.release.xcconfig */ = {isa = PBXFileReference; includeInIndex = 1; lastKnownFileType = text.xcconfig; name = "Pods-iosDev.release.xcconfig"; path = "Target Support Files/Pods-iosDev/Pods-iosDev.release.xcconfig"; sourceTree = "<group>"; };
		73E7B948D028A0964F45FFE4 /* Pods-iosDev.debug.xcconfig */ = {isa = PBXFileReference; includeInIndex = 1; lastKnownFileType = text.xcconfig; name = "Pods-iosDev.debug.xcconfig"; path = "Target Support Files/Pods-iosDev/Pods-iosDev.debug.xcconfig"; sourceTree = "<group>"; };
/* End PBXFileReference section */

/* Begin PBXFrameworksBuildPhase section */
		05BEF5B42B47DB08005C2405 /* Frameworks */ = {
			isa = PBXFrameworksBuildPhase;
			buildActionMask = 2147483647;
			files = (
				C478FD6B38134C7F87066A64 /* Pods_iosDev.framework in Frameworks */,
			);
			runOnlyForDeploymentPostprocessing = 0;
		};
/* End PBXFrameworksBuildPhase section */

/* Begin PBXGroup section */
		05BEF5AE2B47DB08005C2405 = {
			isa = PBXGroup;
			children = (
				05BEF5B92B47DB08005C2405 /* iosDev */,
				05BEF5B82B47DB08005C2405 /* Products */,
				B20B973F28568AD1137CC624 /* Pods */,
				CB939376C3C6E6BCBFA66FE3 /* Frameworks */,
			);
			sourceTree = "<group>";
		};
		05BEF5B82B47DB08005C2405 /* Products */ = {
			isa = PBXGroup;
			children = (
				05BEF5B72B47DB08005C2405 /* iosDev.app */,
			);
			name = Products;
			sourceTree = "<group>";
		};
		05BEF5B92B47DB08005C2405 /* iosDev */ = {
			isa = PBXGroup;
			children = (
				05BEF5D42B47DFF4005C2405 /* demo */,
				05BEF5D32B47DFE7005C2405 /* src */,
				05BEF5BA2B47DB08005C2405 /* AppDelegate.h */,
				05BEF5BB2B47DB08005C2405 /* AppDelegate.m */,
				05BEF5BD2B47DB08005C2405 /* SceneDelegate.h */,
				05BEF5BE2B47DB08005C2405 /* SceneDelegate.m */,
				05BEF5C02B47DB08005C2405 /* ViewController.h */,
				05BEF5C12B47DB08005C2405 /* ViewController.m */,
				05BEF5C32B47DB08005C2405 /* Main.storyboard */,
				05BEF5C62B47DB0B005C2405 /* Assets.xcassets */,
				05BEF5C82B47DB0B005C2405 /* LaunchScreen.storyboard */,
				05BEF5CB2B47DB0B005C2405 /* Info.plist */,
				05BEF5CC2B47DB0B005C2405 /* main.m */,
				05BEF5D72B47E7C8005C2405 /* iosDev-Bridging-Header.h */,
				05BEF5DB2B47EC13005C2405 /* PrefixHeaderSwift.swift */,
				05BEF5DA2B47E83F005C2405 /* PrefixHeader.pch */,
			);
			path = iosDev;
			sourceTree = "<group>";
		};
		05BEF5D32B47DFE7005C2405 /* src */ = {
			isa = PBXGroup;
			children = (
				05BEF5D62B47E787005C2405 /* swift */,
				05BEF5D52B47E780005C2405 /* oc */,
			);
			path = src;
			sourceTree = "<group>";
		};
		05BEF5D42B47DFF4005C2405 /* demo */ = {
			isa = PBXGroup;
			children = (
			);
			path = demo;
			sourceTree = "<group>";
		};
		05BEF5D52B47E780005C2405 /* oc */ = {
			isa = PBXGroup;
			children = (
				05BEF5DD2B47ED1B005C2405 /* YSGlobal.h.h */,
			);
			path = oc;
			sourceTree = "<group>";
		};
		05BEF5D62B47E787005C2405 /* swift */ = {
			isa = PBXGroup;
			children = (
				05BEF5D82B47E7C9005C2405 /* GlobalDefine.swift */,
			);
			path = swift;
			sourceTree = "<group>";
		};
		B20B973F28568AD1137CC624 /* Pods */ = {
			isa = PBXGroup;
			children = (
				73E7B948D028A0964F45FFE4 /* Pods-iosDev.debug.xcconfig */,
				5382D341535CA95946539F1E /* Pods-iosDev.release.xcconfig */,
			);
			path = Pods;
			sourceTree = "<group>";
		};
		CB939376C3C6E6BCBFA66FE3 /* Frameworks */ = {
			isa = PBXGroup;
			children = (
				4CA96560ADA4501121330BB8 /* Pods_iosDev.framework */,
			);
			name = Frameworks;
			sourceTree = "<group>";
		};
/* End PBXGroup section */

/* Begin PBXNativeTarget section */
		05BEF5B62B47DB08005C2405 /* iosDev */ = {
			isa = PBXNativeTarget;
			buildConfigurationList = 05BEF5D02B47DB0B005C2405 /* Build configuration list for PBXNativeTarget "iosDev" */;
			buildPhases = (
				92684D136263E734C337EC3B /* [CP] Check Pods Manifest.lock */,
				05BEF5B32B47DB08005C2405 /* Sources */,
				05BEF5B42B47DB08005C2405 /* Frameworks */,
				05BEF5B52B47DB08005C2405 /* Resources */,
				E3B1D4D55D351751F0072D04 /* [CP] Embed Pods Frameworks */,
			);
			buildRules = (
			);
			dependencies = (
			);
			name = iosDev;
			productName = iosDev;
			productReference = 05BEF5B72B47DB08005C2405 /* iosDev.app */;
			productType = "com.apple.product-type.application";
		};
/* End PBXNativeTarget section */

/* Begin PBXProject section */
		05BEF5AF2B47DB08005C2405 /* Project object */ = {
			isa = PBXProject;
			attributes = {
				BuildIndependentTargetsInParallel = 1;
				LastUpgradeCheck = 1500;
				TargetAttributes = {
					05BEF5B62B47DB08005C2405 = {
						CreatedOnToolsVersion = 15.0;
						LastSwiftMigration = 1500;
					};
				};
			};
			buildConfigurationList = 05BEF5B22B47DB08005C2405 /* Build configuration list for PBXProject "iosDev" */;
			compatibilityVersion = "Xcode 14.0";
			developmentRegion = en;
			hasScannedForEncodings = 0;
			knownRegions = (
				en,
				Base,
			);
			mainGroup = 05BEF5AE2B47DB08005C2405;
			productRefGroup = 05BEF5B82B47DB08005C2405 /* Products */;
			projectDirPath = "";
			projectRoot = "";
			targets = (
				05BEF5B62B47DB08005C2405 /* iosDev */,
			);
		};
/* End PBXProject section */

/* Begin PBXResourcesBuildPhase section */
		05BEF5B52B47DB08005C2405 /* Resources */ = {
			isa = PBXResourcesBuildPhase;
			buildActionMask = 2147483647;
			files = (
				05BEF5CA2B47DB0B005C2405 /* LaunchScreen.storyboard in Resources */,
				05BEF5C72B47DB0B005C2405 /* Assets.xcassets in Resources */,
				05BEF5C52B47DB08005C2405 /* Main.storyboard in Resources */,
			);
			runOnlyForDeploymentPostprocessing = 0;
		};
/* End PBXResourcesBuildPhase section */

/* Begin PBXShellScriptBuildPhase section */
		92684D136263E734C337EC3B /* [CP] Check Pods Manifest.lock */ = {
			isa = PBXShellScriptBuildPhase;
			buildActionMask = 2147483647;
			files = (
			);
			inputFileListPaths = (
			);
			inputPaths = (
				"${PODS_PODFILE_DIR_PATH}/Podfile.lock",
				"${PODS_ROOT}/Manifest.lock",
			);
			name = "[CP] Check Pods Manifest.lock";
			outputFileListPaths = (
			);
			outputPaths = (
				"$(DERIVED_FILE_DIR)/Pods-iosDev-checkManifestLockResult.txt",
			);
			runOnlyForDeploymentPostprocessing = 0;
			shellPath = /bin/sh;
			shellScript = "diff \"${PODS_PODFILE_DIR_PATH}/Podfile.lock\" \"${PODS_ROOT}/Manifest.lock\" > /dev/null\nif [ $? != 0 ] ; then\n    # print error to STDERR\n    echo \"error: The sandbox is not in sync with the Podfile.lock. Run 'pod install' or update your CocoaPods installation.\" >&2\n    exit 1\nfi\n# This output is used by Xcode 'outputs' to avoid re-running this script phase.\necho \"SUCCESS\" > \"${SCRIPT_OUTPUT_FILE_0}\"\n";
			showEnvVarsInLog = 0;
		};
		E3B1D4D55D351751F0072D04 /* [CP] Embed Pods Frameworks */ = {
			isa = PBXShellScriptBuildPhase;
			buildActionMask = 2147483647;
			files = (
			);
			inputFileListPaths = (
				"${PODS_ROOT}/Target Support Files/Pods-iosDev/Pods-iosDev-frameworks-${CONFIGURATION}-input-files.xcfilelist",
			);
			name = "[CP] Embed Pods Frameworks";
			outputFileListPaths = (
				"${PODS_ROOT}/Target Support Files/Pods-iosDev/Pods-iosDev-frameworks-${CONFIGURATION}-output-files.xcfilelist",
			);
			runOnlyForDeploymentPostprocessing = 0;
			shellPath = /bin/sh;
			shellScript = "\"${PODS_ROOT}/Target Support Files/Pods-iosDev/Pods-iosDev-frameworks.sh\"\n";
			showEnvVarsInLog = 0;
		};
/* End PBXShellScriptBuildPhase section */

/* Begin PBXSourcesBuildPhase section */
		05BEF5B32B47DB08005C2405 /* Sources */ = {
			isa = PBXSourcesBuildPhase;
			buildActionMask = 2147483647;
			files = (
				05BEF5DC2B47EC13005C2405 /* PrefixHeaderSwift.swift in Sources */,
				05BEF5C22B47DB08005C2405 /* ViewController.m in Sources */,
				05BEF5BC2B47DB08005C2405 /* AppDelegate.m in Sources */,
				05BEF5D92B47E7C9005C2405 /* GlobalDefine.swift in Sources */,
				05BEF5CD2B47DB0B005C2405 /* main.m in Sources */,
				05BEF5BF2B47DB08005C2405 /* SceneDelegate.m in Sources */,
			);
			runOnlyForDeploymentPostprocessing = 0;
		};
/* End PBXSourcesBuildPhase section */

/* Begin PBXVariantGroup section */
		05BEF5C32B47DB08005C2405 /* Main.storyboard */ = {
			isa = PBXVariantGroup;
			children = (
				05BEF5C42B47DB08005C2405 /* Base */,
			);
			name = Main.storyboard;
			sourceTree = "<group>";
		};
		05BEF5C82B47DB0B005C2405 /* LaunchScreen.storyboard */ = {
			isa = PBXVariantGroup;
			children = (
				05BEF5C92B47DB0B005C2405 /* Base */,
			);
			name = LaunchScreen.storyboard;
			sourceTree = "<group>";
		};
/* End PBXVariantGroup section */

/* Begin XCBuildConfiguration section */
		05BEF5CE2B47DB0B005C2405 /* Debug */ = {
			isa = XCBuildConfiguration;
			buildSettings = {
				ALWAYS_SEARCH_USER_PATHS = NO;
				ASSETCATALOG_COMPILER_GENERATE_SWIFT_ASSET_SYMBOL_EXTENSIONS = YES;
				CLANG_ANALYZER_NONNULL = YES;
				CLANG_ANALYZER_NUMBER_OBJECT_CONVERSION = YES_AGGRESSIVE;
				CLANG_CXX_LANGUAGE_STANDARD = "gnu++20";
				CLANG_ENABLE_MODULES = YES;
				CLANG_ENABLE_OBJC_ARC = YES;
				CLANG_ENABLE_OBJC_WEAK = YES;
				CLANG_WARN_BLOCK_CAPTURE_AUTORELEASING = YES;
				CLANG_WARN_BOOL_CONVERSION = YES;
				CLANG_WARN_COMMA = YES;
				CLANG_WARN_CONSTANT_CONVERSION = YES;
				CLANG_WARN_DEPRECATED_OBJC_IMPLEMENTATIONS = YES;
				CLANG_WARN_DIRECT_OBJC_ISA_USAGE = YES_ERROR;
				CLANG_WARN_DOCUMENTATION_COMMENTS = YES;
				CLANG_WARN_EMPTY_BODY = YES;
				CLANG_WARN_ENUM_CONVERSION = YES;
				CLANG_WARN_INFINITE_RECURSION = YES;
				CLANG_WARN_INT_CONVERSION = YES;
				CLANG_WARN_NON_LITERAL_NULL_CONVERSION = YES;
				CLANG_WARN_OBJC_IMPLICIT_RETAIN_SELF = YES;
				CLANG_WARN_OBJC_LITERAL_CONVERSION = YES;
				CLANG_WARN_OBJC_ROOT_CLASS = YES_ERROR;
				CLANG_WARN_QUOTED_INCLUDE_IN_FRAMEWORK_HEADER = YES;
				CLANG_WARN_RANGE_LOOP_ANALYSIS = YES;
				CLANG_WARN_STRICT_PROTOTYPES = YES;
				CLANG_WARN_SUSPICIOUS_MOVE = YES;
				CLANG_WARN_UNGUARDED_AVAILABILITY = YES_AGGRESSIVE;
				CLANG_WARN_UNREACHABLE_CODE = YES;
				CLANG_WARN__DUPLICATE_METHOD_MATCH = YES;
				COPY_PHASE_STRIP = NO;
				DEBUG_INFORMATION_FORMAT = dwarf;
				ENABLE_STRICT_OBJC_MSGSEND = YES;
				ENABLE_TESTABILITY = YES;
				ENABLE_USER_SCRIPT_SANDBOXING = YES;
				GCC_C_LANGUAGE_STANDARD = gnu17;
				GCC_DYNAMIC_NO_PIC = NO;
				GCC_NO_COMMON_BLOCKS = YES;
				GCC_OPTIMIZATION_LEVEL = 0;
				GCC_PREPROCESSOR_DEFINITIONS = (
					"DEBUG=1",
					"$(inherited)",
				);
				GCC_WARN_64_TO_32_BIT_CONVERSION = YES;
				GCC_WARN_ABOUT_RETURN_TYPE = YES_ERROR;
				GCC_WARN_UNDECLARED_SELECTOR = YES;
				GCC_WARN_UNINITIALIZED_AUTOS = YES_AGGRESSIVE;
				GCC_WARN_UNUSED_FUNCTION = YES;
				GCC_WARN_UNUSED_VARIABLE = YES;
				IPHONEOS_DEPLOYMENT_TARGET = 17.0;
				LOCALIZATION_PREFERS_STRING_CATALOGS = YES;
				MTL_ENABLE_DEBUG_INFO = INCLUDE_SOURCE;
				MTL_FAST_MATH = YES;
				ONLY_ACTIVE_ARCH = YES;
				SDKROOT = iphoneos;
			};
			name = Debug;
		};
		05BEF5CF2B47DB0B005C2405 /* Release */ = {
			isa = XCBuildConfiguration;
			buildSettings = {
				ALWAYS_SEARCH_USER_PATHS = NO;
				ASSETCATALOG_COMPILER_GENERATE_SWIFT_ASSET_SYMBOL_EXTENSIONS = YES;
				CLANG_ANALYZER_NONNULL = YES;
				CLANG_ANALYZER_NUMBER_OBJECT_CONVERSION = YES_AGGRESSIVE;
				CLANG_CXX_LANGUAGE_STANDARD = "gnu++20";
				CLANG_ENABLE_MODULES = YES;
				CLANG_ENABLE_OBJC_ARC = YES;
				CLANG_ENABLE_OBJC_WEAK = YES;
				CLANG_WARN_BLOCK_CAPTURE_AUTORELEASING = YES;
				CLANG_WARN_BOOL_CONVERSION = YES;
				CLANG_WARN_COMMA = YES;
				CLANG_WARN_CONSTANT_CONVERSION = YES;
				CLANG_WARN_DEPRECATED_OBJC_IMPLEMENTATIONS = YES;
				CLANG_WARN_DIRECT_OBJC_ISA_USAGE = YES_ERROR;
				CLANG_WARN_DOCUMENTATION_COMMENTS = YES;
				CLANG_WARN_EMPTY_BODY = YES;
				CLANG_WARN_ENUM_CONVERSION = YES;
				CLANG_WARN_INFINITE_RECURSION = YES;
				CLANG_WARN_INT_CONVERSION = YES;
				CLANG_WARN_NON_LITERAL_NULL_CONVERSION = YES;
				CLANG_WARN_OBJC_IMPLICIT_RETAIN_SELF = YES;
				CLANG_WARN_OBJC_LITERAL_CONVERSION = YES;
				CLANG_WARN_OBJC_ROOT_CLASS = YES_ERROR;
				CLANG_WARN_QUOTED_INCLUDE_IN_FRAMEWORK_HEADER = YES;
				CLANG_WARN_RANGE_LOOP_ANALYSIS = YES;
				CLANG_WARN_STRICT_PROTOTYPES = YES;
				CLANG_WARN_SUSPICIOUS_MOVE = YES;
				CLANG_WARN_UNGUARDED_AVAILABILITY = YES_AGGRESSIVE;
				CLANG_WARN_UNREACHABLE_CODE = YES;
				CLANG_WARN__DUPLICATE_METHOD_MATCH = YES;
				COPY_PHASE_STRIP = NO;
				DEBUG_INFORMATION_FORMAT = "dwarf-with-dsym";
				ENABLE_NS_ASSERTIONS = NO;
				ENABLE_STRICT_OBJC_MSGSEND = YES;
				ENABLE_USER_SCRIPT_SANDBOXING = YES;
				GCC_C_LANGUAGE_STANDARD = gnu17;
				GCC_NO_COMMON_BLOCKS = YES;
				GCC_WARN_64_TO_32_BIT_CONVERSION = YES;
				GCC_WARN_ABOUT_RETURN_TYPE = YES_ERROR;
				GCC_WARN_UNDECLARED_SELECTOR = YES;
				GCC_WARN_UNINITIALIZED_AUTOS = YES_AGGRESSIVE;
				GCC_WARN_UNUSED_FUNCTION = YES;
				GCC_WARN_UNUSED_VARIABLE = YES;
				IPHONEOS_DEPLOYMENT_TARGET = 17.0;
				LOCALIZATION_PREFERS_STRING_CATALOGS = YES;
				MTL_ENABLE_DEBUG_INFO = NO;
				MTL_FAST_MATH = YES;
				SDKROOT = iphoneos;
				VALIDATE_PRODUCT = YES;
			};
			name = Release;
		};
		05BEF5D12B47DB0B005C2405 /* Debug */ = {
			isa = XCBuildConfiguration;
			baseConfigurationReference = 73E7B948D028A0964F45FFE4 /* Pods-iosDev.debug.xcconfig */;
			buildSettings = {
				ASSETCATALOG_COMPILER_APPICON_NAME = AppIcon;
				ASSETCATALOG_COMPILER_GLOBAL_ACCENT_COLOR_NAME = AccentColor;
				CLANG_ENABLE_MODULES = YES;
				CODE_SIGN_STYLE = Automatic;
				CURRENT_PROJECT_VERSION = 1;
				ENABLE_USER_SCRIPT_SANDBOXING = NO;
				GCC_PRECOMPILE_PREFIX_HEADER = YES;
				GCC_PREFIX_HEADER = "${SRCROOT}/iosDev/PrefixHeader.pch";
				GENERATE_INFOPLIST_FILE = YES;
				INFOPLIST_FILE = iosDev/Info.plist;
				INFOPLIST_KEY_UIApplicationSupportsIndirectInputEvents = YES;
				INFOPLIST_KEY_UILaunchStoryboardName = LaunchScreen;
				INFOPLIST_KEY_UIMainStoryboardFile = Main;
				INFOPLIST_KEY_UIStatusBarHidden = YES;
				INFOPLIST_KEY_UISupportedInterfaceOrientations_iPad = "UIInterfaceOrientationPortrait UIInterfaceOrientationPortraitUpsideDown UIInterfaceOrientationLandscapeLeft UIInterfaceOrientationLandscapeRight";
				INFOPLIST_KEY_UISupportedInterfaceOrientations_iPhone = "UIInterfaceOrientationPortrait UIInterfaceOrientationLandscapeLeft UIInterfaceOrientationLandscapeRight";
				IPHONEOS_DEPLOYMENT_TARGET = 13.0;
				LD_RUNPATH_SEARCH_PATHS = (
					"$(inherited)",
					"@executable_path/Frameworks",
				);
				MARKETING_VERSION = 1.0;
				PRODUCT_BUNDLE_IDENTIFIER = "com.develop.-.iosDev";
				PRODUCT_NAME = "$(TARGET_NAME)";
				SWIFT_EMIT_LOC_STRINGS = YES;
				SWIFT_OBJC_BRIDGING_HEADER = "${SRCROOT}/iosDev/iosDev-Bridging-Header.h";
				SWIFT_OPTIMIZATION_LEVEL = "-Onone";
				SWIFT_VERSION = 5.0;
				TARGETED_DEVICE_FAMILY = "1,2";
			};
			name = Debug;
		};
		05BEF5D22B47DB0B005C2405 /* Release */ = {
			isa = XCBuildConfiguration;
			baseConfigurationReference = 5382D341535CA95946539F1E /* Pods-iosDev.release.xcconfig */;
			buildSettings = {
				ASSETCATALOG_COMPILER_APPICON_NAME = AppIcon;
				ASSETCATALOG_COMPILER_GLOBAL_ACCENT_COLOR_NAME = AccentColor;
				CLANG_ENABLE_MODULES = YES;
				CODE_SIGN_STYLE = Automatic;
				CURRENT_PROJECT_VERSION = 1;
				ENABLE_USER_SCRIPT_SANDBOXING = NO;
				GCC_PRECOMPILE_PREFIX_HEADER = YES;
				GCC_PREFIX_HEADER = "${SRCROOT}/iosDev/PrefixHeader.pch";
				GENERATE_INFOPLIST_FILE = YES;
				INFOPLIST_FILE = iosDev/Info.plist;
				INFOPLIST_KEY_UIApplicationSupportsIndirectInputEvents = YES;
				INFOPLIST_KEY_UILaunchStoryboardName = LaunchScreen;
				INFOPLIST_KEY_UIMainStoryboardFile = Main;
				INFOPLIST_KEY_UIStatusBarHidden = YES;
				INFOPLIST_KEY_UISupportedInterfaceOrientations_iPad = "UIInterfaceOrientationPortrait UIInterfaceOrientationPortraitUpsideDown UIInterfaceOrientationLandscapeLeft UIInterfaceOrientationLandscapeRight";
				INFOPLIST_KEY_UISupportedInterfaceOrientations_iPhone = "UIInterfaceOrientationPortrait UIInterfaceOrientationLandscapeLeft UIInterfaceOrientationLandscapeRight";
				IPHONEOS_DEPLOYMENT_TARGET = 13.0;
				LD_RUNPATH_SEARCH_PATHS = (
					"$(inherited)",
					"@executable_path/Frameworks",
				);
				MARKETING_VERSION = 1.0;
				PRODUCT_BUNDLE_IDENTIFIER = "com.develop.-.iosDev";
				PRODUCT_NAME = "$(TARGET_NAME)";
				SWIFT_EMIT_LOC_STRINGS = YES;
				SWIFT_OBJC_BRIDGING_HEADER = "${SRCROOT}/iosDev/iosDev-Bridging-Header.h";
				SWIFT_VERSION = 5.0;
				TARGETED_DEVICE_FAMILY = "1,2";
			};
			name = Release;
		};
/* End XCBuildConfiguration section */

/* Begin XCConfigurationList section */
		05BEF5B22B47DB08005C2405 /* Build configuration list for PBXProject "iosDev" */ = {
			isa = XCConfigurationList;
			buildConfigurations = (
				05BEF5CE2B47DB0B005C2405 /* Debug */,
				05BEF5CF2B47DB0B005C2405 /* Release */,
			);
			defaultConfigurationIsVisible = 0;
			defaultConfigurationName = Release;
		};
		05BEF5D02B47DB0B005C2405 /* Build configuration list for PBXNativeTarget "iosDev" */ = {
			isa = XCConfigurationList;
			buildConfigurations = (
				05BEF5D12B47DB0B005C2405 /* Debug */,
				05BEF5D22B47DB0B005C2405 /* Release */,
			);
			defaultConfigurationIsVisible = 0;
			defaultConfigurationName = Release;
		};
/* End XCConfigurationList section */
	};
	rootObject = 05BEF5AF2B47DB08005C2405 /* Project object */;
}
